
Microsoft Visual Studio Solution File, Format Version 12.00
# Visual Studio Version 17
VisualStudioVersion = 17.4.33205.214
MinimumVisualStudioVersion = 10.0.40219.1
Project("{9A19103F-16F7-4668-BE54-9A1E7A4F7556}") = "ConsoleAppSheet", "ConsoleAppSheet\ConsoleAppSheet.csproj", "{40804B48-8061-4AFF-9123-C61CA6FC5787}"
EndProject
Global
	GlobalSection(SolutionConfigurationPlatforms) = preSolution
		Debug|Any CPU = Debug|Any CPU
		Release|Any CPU = Release|Any CPU
	EndGlobalSection
	GlobalSection(ProjectConfigurationPlatforms) = postSolution
		{40804B48-8061-4AFF-9123-C61CA6FC5787}.Debug|Any CPU.ActiveCfg = Debug|Any CPU
		{40804B48-8061-4AFF-9123-C61CA6FC5787}.Debug|Any CPU.Build.0 = Debug|Any CPU
		{40804B48-8061-4AFF-9123-C61CA6FC5787}.Release|Any CPU.ActiveCfg = Release|Any CPU
		{40804B48-8061-4AFF-9123-C61CA6FC5787}.Release|Any CPU.Build.0 = Release|Any CPU
	EndGlobalSection
	GlobalSection(SolutionProperties) = preSolution
		HideSolutionNode = FALSE
	EndGlobalSection
	GlobalSection(ExtensibilityGlobals) = postSolution
		SolutionGuid = {35E14FA3-AA73-48DC-B738-88EDE634B5CF}
	EndGlobalSection
EndGlobal
